
Microsoft Visual Studio Solution File, Format Version 12.00
# Visual Studio Version 17
VisualStudioVersion = 17.7.34202.233
MinimumVisualStudioVersion = 10.0.40219.1
Project("{9A19103F-16F7-4668-BE54-9A1E7A4F7556}") = "Encrypter", "Encrypter.csproj", "{1F2401C4-8CB3-48CF-8A70-738EB91766CB}"
EndProject
Global
	GlobalSection(SolutionConfigurationPlatforms) = preSolution
		Debug|Any CPU = Debug|Any CPU
		Release|Any CPU = Release|Any CPU
	EndGlobalSection
	GlobalSection(ProjectConfigurationPlatforms) = postSolution
		{1F2401C4-8CB3-48CF-8A70-738EB91766CB}.Debug|Any CPU.ActiveCfg = Debug|Any CPU
		{1F2401C4-8CB3-48CF-8A70-738EB91766CB}.Debug|Any CPU.Build.0 = Debug|Any CPU
		{1F2401C4-8CB3-48CF-8A70-738EB91766CB}.Release|Any CPU.ActiveCfg = Release|Any CPU
		{1F2401C4-8CB3-48CF-8A70-738EB91766CB}.Release|Any CPU.Build.0 = Release|Any CPU
	EndGlobalSection
	GlobalSection(SolutionProperties) = preSolution
		HideSolutionNode = FALSE
	EndGlobalSection
	GlobalSection(ExtensibilityGlobals) = postSolution
		SolutionGuid = {438C38A2-3889-4416-BA32-C91AF0EC2824}
	EndGlobalSection
EndGlobal
